// !$*UTF8*$!
{
	archiveVersion = 1;
	classes = {
	};
	objectVersion = 55;
	objects = {

/* Begin PBXBuildFile section */
		CD39D4F627C78DB400EEBC85 /* ChatLogView.swift in Sources */ = {isa = PBXBuildFile; fileRef = CD39D4F527C78DB400EEBC85 /* ChatLogView.swift */; };
		CD474ABF27BBF61800C7C5D1 /* SDWebImageSwiftUI in Frameworks */ = {isa = PBXBuildFile; productRef = CD474ABE27BBF61800C7C5D1 /* SDWebImageSwiftUI */; };
		CD474AC227BE2A2800C7C5D1 /* ChatUser.swift in Sources */ = {isa = PBXBuildFile; fileRef = CD474AC127BE2A2800C7C5D1 /* ChatUser.swift */; };
		CD474AC527BE30BC00C7C5D1 /* NewMessageView.swift in Sources */ = {isa = PBXBuildFile; fileRef = CD474AC427BE30BC00C7C5D1 /* NewMessageView.swift */; };
		CD71E36727EC53F60012D50D /* RecentMessage.swift in Sources */ = {isa = PBXBuildFile; fileRef = CD71E36627EC53F60012D50D /* RecentMessage.swift */; };
		CD71E36927EC54E60012D50D /* ChatMessage.swift in Sources */ = {isa = PBXBuildFile; fileRef = CD71E36827EC54E60012D50D /* ChatMessage.swift */; };
		CD71E36B27EC673F0012D50D /* FirebaseConstants.swift in Sources */ = {isa = PBXBuildFile; fileRef = CD71E36A27EC673F0012D50D /* FirebaseConstants.swift */; };
		CD8FA7F127BBDC0100C7B987 /* FirebaseManager.swift in Sources */ = {isa = PBXBuildFile; fileRef = CD8FA7F027BBDC0100C7B987 /* FirebaseManager.swift */; };
		CDDA2F1B279939DA0070092E /* CapstoneMessengerApp.swift in Sources */ = {isa = PBXBuildFile; fileRef = CDDA2F1A279939DA0070092E /* CapstoneMessengerApp.swift */; };
		CDDA2F1D279939DA0070092E /* LoginView.swift in Sources */ = {isa = PBXBuildFile; fileRef = CDDA2F1C279939DA0070092E /* LoginView.swift */; };
		CDDA2F1F279939DA0070092E /* Assets.xcassets in Resources */ = {isa = PBXBuildFile; fileRef = CDDA2F1E279939DA0070092E /* Assets.xcassets */; };
		CDDA2F22279939DA0070092E /* Preview Assets.xcassets in Resources */ = {isa = PBXBuildFile; fileRef = CDDA2F21279939DA0070092E /* Preview Assets.xcassets */; };
		CDFC362927ABDD8F003CD28E /* FirebaseAuth in Frameworks */ = {isa = PBXBuildFile; productRef = CDFC362827ABDD8F003CD28E /* FirebaseAuth */; };
		CDFC362B27ABDD8F003CD28E /* FirebaseFirestore in Frameworks */ = {isa = PBXBuildFile; productRef = CDFC362A27ABDD8F003CD28E /* FirebaseFirestore */; };
		CDFC362D27ABDD8F003CD28E /* FirebaseStorage in Frameworks */ = {isa = PBXBuildFile; productRef = CDFC362C27ABDD8F003CD28E /* FirebaseStorage */; };
		CDFC363027ABE6A1003CD28E /* MessagesView.swift in Sources */ = {isa = PBXBuildFile; fileRef = CDFC362F27ABE6A1003CD28E /* MessagesView.swift */; };
		CDFF7CD427A2531700E6AA5E /* GoogleService-Info.plist in Resources */ = {isa = PBXBuildFile; fileRef = CDFF7CD327A2531700E6AA5E /* GoogleService-Info.plist */; };
		CDFF7CD827A2862600E6AA5E /* ImagePicker.swift in Sources */ = {isa = PBXBuildFile; fileRef = CDFF7CD727A2862600E6AA5E /* ImagePicker.swift */; };
/* End PBXBuildFile section */

/* Begin PBXFileReference section */
		CD39D4F527C78DB400EEBC85 /* ChatLogView.swift */ = {isa = PBXFileReference; lastKnownFileType = sourcecode.swift; path = ChatLogView.swift; sourceTree = "<group>"; };
		CD474AC127BE2A2800C7C5D1 /* ChatUser.swift */ = {isa = PBXFileReference; lastKnownFileType = sourcecode.swift; path = ChatUser.swift; sourceTree = "<group>"; };
		CD474AC427BE30BC00C7C5D1 /* NewMessageView.swift */ = {isa = PBXFileReference; lastKnownFileType = sourcecode.swift; path = NewMessageView.swift; sourceTree = "<group>"; };
		CD71E36627EC53F60012D50D /* RecentMessage.swift */ = {isa = PBXFileReference; lastKnownFileType = sourcecode.swift; path = RecentMessage.swift; sourceTree = "<group>"; };
		CD71E36827EC54E60012D50D /* ChatMessage.swift */ = {isa = PBXFileReference; lastKnownFileType = sourcecode.swift; path = ChatMessage.swift; sourceTree = "<group>"; };
		CD71E36A27EC673F0012D50D /* FirebaseConstants.swift */ = {isa = PBXFileReference; lastKnownFileType = sourcecode.swift; path = FirebaseConstants.swift; sourceTree = "<group>"; };
		CD8FA7F027BBDC0100C7B987 /* FirebaseManager.swift */ = {isa = PBXFileReference; lastKnownFileType = sourcecode.swift; path = FirebaseManager.swift; sourceTree = "<group>"; };
		CD8FA7F327BBEEAA00C7B987 /* SDWebImageSwiftUI-2.0.2 */ = {isa = PBXFileReference; lastKnownFileType = wrapper; name = "SDWebImageSwiftUI-2.0.2"; path = "../../Downloads/SDWebImageSwiftUI-2.0.2"; sourceTree = "<group>"; };
		CDDA2F17279939DA0070092E /* CapstoneMessenger.app */ = {isa = PBXFileReference; explicitFileType = wrapper.application; includeInIndex = 0; path = CapstoneMessenger.app; sourceTree = BUILT_PRODUCTS_DIR; };
		CDDA2F1A279939DA0070092E /* CapstoneMessengerApp.swift */ = {isa = PBXFileReference; lastKnownFileType = sourcecode.swift; path = CapstoneMessengerApp.swift; sourceTree = "<group>"; };
		CDDA2F1C279939DA0070092E /* LoginView.swift */ = {isa = PBXFileReference; lastKnownFileType = sourcecode.swift; path = LoginView.swift; sourceTree = "<group>"; };
		CDDA2F1E279939DA0070092E /* Assets.xcassets */ = {isa = PBXFileReference; lastKnownFileType = folder.assetcatalog; path = Assets.xcassets; sourceTree = "<group>"; };
		CDDA2F21279939DA0070092E /* Preview Assets.xcassets */ = {isa = PBXFileReference; lastKnownFileType = folder.assetcatalog; path = "Preview Assets.xcassets"; sourceTree = "<group>"; };
		CDFC362F27ABE6A1003CD28E /* MessagesView.swift */ = {isa = PBXFileReference; lastKnownFileType = sourcecode.swift; path = MessagesView.swift; sourceTree = "<group>"; };
		CDFF7CD327A2531700E6AA5E /* GoogleService-Info.plist */ = {isa = PBXFileReference; fileEncoding = 4; lastKnownFileType = text.plist.xml; name = "GoogleService-Info.plist"; path = "../../../Downloads/GoogleService-Info.plist"; sourceTree = "<group>"; };
		CDFF7CD727A2862600E6AA5E /* ImagePicker.swift */ = {isa = PBXFileReference; lastKnownFileType = sourcecode.swift; path = ImagePicker.swift; sourceTree = "<group>"; };
/* End PBXFileReference section */

/* Begin PBXFrameworksBuildPhase section */
		CDDA2F14279939DA0070092E /* Frameworks */ = {
			isa = PBXFrameworksBuildPhase;
			buildActionMask = 2147483647;
			files = (
				CD474ABF27BBF61800C7C5D1 /* SDWebImageSwiftUI in Frameworks */,
				CDFC362927ABDD8F003CD28E /* FirebaseAuth in Frameworks */,
				CDFC362B27ABDD8F003CD28E /* FirebaseFirestore in Frameworks */,
				CDFC362D27ABDD8F003CD28E /* FirebaseStorage in Frameworks */,
			);
			runOnlyForDeploymentPostprocessing = 0;
		};
/* End PBXFrameworksBuildPhase section */

/* Begin PBXGroup section */
		CD39D4F427C78D9100EEBC85 /* Chat */ = {
			isa = PBXGroup;
			children = (
				CD39D4F527C78DB400EEBC85 /* ChatLogView.swift */,
			);
			path = Chat;
			sourceTree = "<group>";
		};
		CD474AC027BE29FD00C7C5D1 /* Model */ = {
			isa = PBXGroup;
			children = (
				CD474AC127BE2A2800C7C5D1 /* ChatUser.swift */,
				CD71E36627EC53F60012D50D /* RecentMessage.swift */,
				CD71E36827EC54E60012D50D /* ChatMessage.swift */,
			);
			path = Model;
			sourceTree = "<group>";
		};
		CD474AC327BE308600C7C5D1 /* NewMessage */ = {
			isa = PBXGroup;
			children = (
				CD474AC427BE30BC00C7C5D1 /* NewMessageView.swift */,
			);
			path = NewMessage;
			sourceTree = "<group>";
		};
		CD8FA7EF27BBDBD800C7B987 /* Utils */ = {
			isa = PBXGroup;
			children = (
				CD8FA7F027BBDC0100C7B987 /* FirebaseManager.swift */,
				CD71E36A27EC673F0012D50D /* FirebaseConstants.swift */,
			);
			path = Utils;
			sourceTree = "<group>";
		};
		CD8FA7F227BBEEAA00C7B987 /* Packages */ = {
			isa = PBXGroup;
			children = (
				CD8FA7F327BBEEAA00C7B987 /* SDWebImageSwiftUI-2.0.2 */,
			);
			name = Packages;
			sourceTree = "<group>";
		};
		CDDA2F0E279939DA0070092E = {
			isa = PBXGroup;
			children = (
				CD8FA7F227BBEEAA00C7B987 /* Packages */,
				CDDA2F19279939DA0070092E /* CapstoneMessenger */,
				CDDA2F18279939DA0070092E /* Products */,
			);
			sourceTree = "<group>";
		};
		CDDA2F18279939DA0070092E /* Products */ = {
			isa = PBXGroup;
			children = (
				CDDA2F17279939DA0070092E /* CapstoneMessenger.app */,
			);
			name = Products;
			sourceTree = "<group>";
		};
		CDDA2F19279939DA0070092E /* CapstoneMessenger */ = {
			isa = PBXGroup;
			children = (
				CD474AC027BE29FD00C7C5D1 /* Model */,
				CD8FA7EF27BBDBD800C7B987 /* Utils */,
				CDFC362E27ABE655003CD28E /* Messages */,
				CDDA2F1A279939DA0070092E /* CapstoneMessengerApp.swift */,
				CDDA2F1C279939DA0070092E /* LoginView.swift */,
				CDFF7CD727A2862600E6AA5E /* ImagePicker.swift */,
				CDFF7CD327A2531700E6AA5E /* GoogleService-Info.plist */,
				CDDA2F1E279939DA0070092E /* Assets.xcassets */,
				CDDA2F20279939DA0070092E /* Preview Content */,
			);
			path = CapstoneMessenger;
			sourceTree = "<group>";
		};
		CDDA2F20279939DA0070092E /* Preview Content */ = {
			isa = PBXGroup;
			children = (
				CDDA2F21279939DA0070092E /* Preview Assets.xcassets */,
			);
			path = "Preview Content";
			sourceTree = "<group>";
		};
		CDFC362E27ABE655003CD28E /* Messages */ = {
			isa = PBXGroup;
			children = (
				CD39D4F427C78D9100EEBC85 /* Chat */,
				CD474AC327BE308600C7C5D1 /* NewMessage */,
				CDFC362F27ABE6A1003CD28E /* MessagesView.swift */,
			);
			path = Messages;
			sourceTree = "<group>";
		};
/* End PBXGroup section */

/* Begin PBXNativeTarget section */
		CDDA2F16279939DA0070092E /* CapstoneMessenger */ = {
			isa = PBXNativeTarget;
			buildConfigurationList = CDDA2F25279939DA0070092E /* Build configuration list for PBXNativeTarget "CapstoneMessenger" */;
			buildPhases = (
				CDDA2F13279939DA0070092E /* Sources */,
				CDDA2F14279939DA0070092E /* Frameworks */,
				CDDA2F15279939DA0070092E /* Resources */,
			);
			buildRules = (
			);
			dependencies = (
			);
			name = CapstoneMessenger;
			packageProductDependencies = (
				CDFC362827ABDD8F003CD28E /* FirebaseAuth */,
				CDFC362A27ABDD8F003CD28E /* FirebaseFirestore */,
				CDFC362C27ABDD8F003CD28E /* FirebaseStorage */,
				CD474ABE27BBF61800C7C5D1 /* SDWebImageSwiftUI */,
			);
			productName = CapstoneMessenger;
			productReference = CDDA2F17279939DA0070092E /* CapstoneMessenger.app */;
			productType = "com.apple.product-type.application";
		};
/* End PBXNativeTarget section */

/* Begin PBXProject section */
		CDDA2F0F279939DA0070092E /* Project object */ = {
			isa = PBXProject;
			attributes = {
				BuildIndependentTargetsInParallel = 1;
				LastSwiftUpdateCheck = 1320;
				LastUpgradeCheck = 1320;
				TargetAttributes = {
					CDDA2F16279939DA0070092E = {
						CreatedOnToolsVersion = 13.2.1;
					};
				};
			};
			buildConfigurationList = CDDA2F12279939DA0070092E /* Build configuration list for PBXProject "CapstoneMessenger" */;
			compatibilityVersion = "Xcode 13.0";
			developmentRegion = en;
			hasScannedForEncodings = 0;
			knownRegions = (
				en,
				Base,
			);
			mainGroup = CDDA2F0E279939DA0070092E;
			packageReferences = (
				CDFC362727ABDD8F003CD28E /* XCRemoteSwiftPackageReference "firebase-ios-sdk" */,
				CD474ABD27BBF61800C7C5D1 /* XCRemoteSwiftPackageReference "SDWebImageSwiftUI" */,
			);
			productRefGroup = CDDA2F18279939DA0070092E /* Products */;
			projectDirPath = "";
			projectRoot = "";
			targets = (
				CDDA2F16279939DA0070092E /* CapstoneMessenger */,
			);
		};
/* End PBXProject section */

/* Begin PBXResourcesBuildPhase section */
		CDDA2F15279939DA0070092E /* Resources */ = {
			isa = PBXResourcesBuildPhase;
			buildActionMask = 2147483647;
			files = (
				CDDA2F22279939DA0070092E /* Preview Assets.xcassets in Resources */,
				CDDA2F1F279939DA0070092E /* Assets.xcassets in Resources */,
				CDFF7CD427A2531700E6AA5E /* GoogleService-Info.plist in Resources */,
			);
			runOnlyForDeploymentPostprocessing = 0;
		};
/* End PBXResourcesBuildPhase section */

/* Begin PBXSourcesBuildPhase section */
		CDDA2F13279939DA0070092E /* Sources */ = {
			isa = PBXSourcesBuildPhase;
			buildActionMask = 2147483647;
			files = (
				CD474AC227BE2A2800C7C5D1 /* ChatUser.swift in Sources */,
				CD39D4F627C78DB400EEBC85 /* ChatLogView.swift in Sources */,
				CD71E36727EC53F60012D50D /* RecentMessage.swift in Sources */,
				CD71E36927EC54E60012D50D /* ChatMessage.swift in Sources */,
				CDFC363027ABE6A1003CD28E /* MessagesView.swift in Sources */,
				CD474AC527BE30BC00C7C5D1 /* NewMessageView.swift in Sources */,
				CDFF7CD827A2862600E6AA5E /* ImagePicker.swift in Sources */,
				CD8FA7F127BBDC0100C7B987 /* FirebaseManager.swift in Sources */,
				CDDA2F1D279939DA0070092E /* LoginView.swift in Sources */,
				CD71E36B27EC673F0012D50D /* FirebaseConstants.swift in Sources */,
				CDDA2F1B279939DA0070092E /* CapstoneMessengerApp.swift in Sources */,
			);
			runOnlyForDeploymentPostprocessing = 0;
		};
/* End PBXSourcesBuildPhase section */

/* Begin XCBuildConfiguration section */
		CDDA2F23279939DA0070092E /* Debug */ = {
			isa = XCBuildConfiguration;
			buildSettings = {
				ALWAYS_SEARCH_USER_PATHS = NO;
				CLANG_ANALYZER_NONNULL = YES;
				CLANG_ANALYZER_NUMBER_OBJECT_CONVERSION = YES_AGGRESSIVE;
				CLANG_CXX_LANGUAGE_STANDARD = "gnu++17";
				CLANG_CXX_LIBRARY = "libc++";
				CLANG_ENABLE_MODULES = YES;
				CLANG_ENABLE_OBJC_ARC = YES;
				CLANG_ENABLE_OBJC_WEAK = YES;
				CLANG_WARN_BLOCK_CAPTURE_AUTORELEASING = YES;
				CLANG_WARN_BOOL_CONVERSION = YES;
				CLANG_WARN_COMMA = YES;
				CLANG_WARN_CONSTANT_CONVERSION = YES;
				CLANG_WARN_DEPRECATED_OBJC_IMPLEMENTATIONS = YES;
				CLANG_WARN_DIRECT_OBJC_ISA_USAGE = YES_ERROR;
				CLANG_WARN_DOCUMENTATION_COMMENTS = YES;
				CLANG_WARN_EMPTY_BODY = YES;
				CLANG_WARN_ENUM_CONVERSION = YES;
				CLANG_WARN_INFINITE_RECURSION = YES;
				CLANG_WARN_INT_CONVERSION = YES;
				CLANG_WARN_NON_LITERAL_NULL_CONVERSION = YES;
				CLANG_WARN_OBJC_IMPLICIT_RETAIN_SELF = YES;
				CLANG_WARN_OBJC_LITERAL_CONVERSION = YES;
				CLANG_WARN_OBJC_ROOT_CLASS = YES_ERROR;
				CLANG_WARN_QUOTED_INCLUDE_IN_FRAMEWORK_HEADER = YES;
				CLANG_WARN_RANGE_LOOP_ANALYSIS = YES;
				CLANG_WARN_STRICT_PROTOTYPES = YES;
				CLANG_WARN_SUSPICIOUS_MOVE = YES;
				CLANG_WARN_UNGUARDED_AVAILABILITY = YES_AGGRESSIVE;
				CLANG_WARN_UNREACHABLE_CODE = YES;
				CLANG_WARN__DUPLICATE_METHOD_MATCH = YES;
				COPY_PHASE_STRIP = NO;
				DEBUG_INFORMATION_FORMAT = dwarf;
				ENABLE_STRICT_OBJC_MSGSEND = YES;
				ENABLE_TESTABILITY = YES;
				GCC_C_LANGUAGE_STANDARD = gnu11;
				GCC_DYNAMIC_NO_PIC = NO;
				GCC_NO_COMMON_BLOCKS = YES;
				GCC_OPTIMIZATION_LEVEL = 0;
				GCC_PREPROCESSOR_DEFINITIONS = (
					"DEBUG=1",
					"$(inherited)",
				);
				GCC_WARN_64_TO_32_BIT_CONVERSION = YES;
				GCC_WARN_ABOUT_RETURN_TYPE = YES_ERROR;
				GCC_WARN_UNDECLARED_SELECTOR = YES;
				GCC_WARN_UNINITIALIZED_AUTOS = YES_AGGRESSIVE;
				GCC_WARN_UNUSED_FUNCTION = YES;
				GCC_WARN_UNUSED_VARIABLE = YES;
				IPHONEOS_DEPLOYMENT_TARGET = 15.2;
				MTL_ENABLE_DEBUG_INFO = INCLUDE_SOURCE;
				MTL_FAST_MATH = YES;
				ONLY_ACTIVE_ARCH = YES;
				SDKROOT = iphoneos;
				SWIFT_ACTIVE_COMPILATION_CONDITIONS = DEBUG;
				SWIFT_OPTIMIZATION_LEVEL = "-Onone";
			};
			name = Debug;
		};
		CDDA2F24279939DA0070092E /* Release */ = {
			isa = XCBuildConfiguration;
			buildSettings = {
				ALWAYS_SEARCH_USER_PATHS = NO;
				CLANG_ANALYZER_NONNULL = YES;
				CLANG_ANALYZER_NUMBER_OBJECT_CONVERSION = YES_AGGRESSIVE;
				CLANG_CXX_LANGUAGE_STANDARD = "gnu++17";
				CLANG_CXX_LIBRARY = "libc++";
				CLANG_ENABLE_MODULES = YES;
				CLANG_ENABLE_OBJC_ARC = YES;
				CLANG_ENABLE_OBJC_WEAK = YES;
				CLANG_WARN_BLOCK_CAPTURE_AUTORELEASING = YES;
				CLANG_WARN_BOOL_CONVERSION = YES;
				CLANG_WARN_COMMA = YES;
				CLANG_WARN_CONSTANT_CONVERSION = YES;
				CLANG_WARN_DEPRECATED_OBJC_IMPLEMENTATIONS = YES;
				CLANG_WARN_DIRECT_OBJC_ISA_USAGE = YES_ERROR;
				CLANG_WARN_DOCUMENTATION_COMMENTS = YES;
				CLANG_WARN_EMPTY_BODY = YES;
				CLANG_WARN_ENUM_CONVERSION = YES;
				CLANG_WARN_INFINITE_RECURSION = YES;
				CLANG_WARN_INT_CONVERSION = YES;
				CLANG_WARN_NON_LITERAL_NULL_CONVERSION = YES;
				CLANG_WARN_OBJC_IMPLICIT_RETAIN_SELF = YES;
				CLANG_WARN_OBJC_LITERAL_CONVERSION = YES;
				CLANG_WARN_OBJC_ROOT_CLASS = YES_ERROR;
				CLANG_WARN_QUOTED_INCLUDE_IN_FRAMEWORK_HEADER = YES;
				CLANG_WARN_RANGE_LOOP_ANALYSIS = YES;
				CLANG_WARN_STRICT_PROTOTYPES = YES;
				CLANG_WARN_SUSPICIOUS_MOVE = YES;
				CLANG_WARN_UNGUARDED_AVAILABILITY = YES_AGGRESSIVE;
				CLANG_WARN_UNREACHABLE_CODE = YES;
				CLANG_WARN__DUPLICATE_METHOD_MATCH = YES;
				COPY_PHASE_STRIP = NO;
				DEBUG_INFORMATION_FORMAT = "dwarf-with-dsym";
				ENABLE_NS_ASSERTIONS = NO;
				ENABLE_STRICT_OBJC_MSGSEND = YES;
				GCC_C_LANGUAGE_STANDARD = gnu11;
				GCC_NO_COMMON_BLOCKS = YES;
				GCC_WARN_64_TO_32_BIT_CONVERSION = YES;
				GCC_WARN_ABOUT_RETURN_TYPE = YES_ERROR;
				GCC_WARN_UNDECLARED_SELECTOR = YES;
				GCC_WARN_UNINITIALIZED_AUTOS = YES_AGGRESSIVE;
				GCC_WARN_UNUSED_FUNCTION = YES;
				GCC_WARN_UNUSED_VARIABLE = YES;
				IPHONEOS_DEPLOYMENT_TARGET = 15.2;
				MTL_ENABLE_DEBUG_INFO = NO;
				MTL_FAST_MATH = YES;
				SDKROOT = iphoneos;
				SWIFT_COMPILATION_MODE = wholemodule;
				SWIFT_OPTIMIZATION_LEVEL = "-O";
				VALIDATE_PRODUCT = YES;
			};
			name = Release;
		};
		CDDA2F26279939DA0070092E /* Debug */ = {
			isa = XCBuildConfiguration;
			buildSettings = {
				ASSETCATALOG_COMPILER_APPICON_NAME = AppIcon;
				ASSETCATALOG_COMPILER_GLOBAL_ACCENT_COLOR_NAME = AccentColor;
				CODE_SIGN_STYLE = Automatic;
				CURRENT_PROJECT_VERSION = 1;
				DEVELOPMENT_ASSET_PATHS = "\"CapstoneMessenger/Preview Content\"";
				DEVELOPMENT_TEAM = 4W43G3ZU5T;
				ENABLE_PREVIEWS = YES;
				GENERATE_INFOPLIST_FILE = YES;
				INFOPLIST_KEY_UIApplicationSceneManifest_Generation = YES;
				INFOPLIST_KEY_UIApplicationSupportsIndirectInputEvents = YES;
				INFOPLIST_KEY_UILaunchScreen_Generation = YES;
				INFOPLIST_KEY_UISupportedInterfaceOrientations_iPad = "UIInterfaceOrientationPortrait UIInterfaceOrientationPortraitUpsideDown UIInterfaceOrientationLandscapeLeft UIInterfaceOrientationLandscapeRight";
				INFOPLIST_KEY_UISupportedInterfaceOrientations_iPhone = "UIInterfaceOrientationPortrait UIInterfaceOrientationLandscapeLeft UIInterfaceOrientationLandscapeRight";
				LD_RUNPATH_SEARCH_PATHS = (
					"$(inherited)",
					"@executable_path/Frameworks",
				);
				MARKETING_VERSION = 1.0;
				PRODUCT_BUNDLE_IDENTIFIER = com.kylemcinnis.CapstoneMessenger;
				PRODUCT_NAME = "$(TARGET_NAME)";
				SWIFT_EMIT_LOC_STRINGS = YES;
				SWIFT_VERSION = 5.0;
				TARGETED_DEVICE_FAMILY = "1,2";
			};
			name = Debug;
		};
		CDDA2F27279939DA0070092E /* Release */ = {
			isa = XCBuildConfiguration;
			buildSettings = {
				ASSETCATALOG_COMPILER_APPICON_NAME = AppIcon;
				ASSETCATALOG_COMPILER_GLOBAL_ACCENT_COLOR_NAME = AccentColor;
				CODE_SIGN_STYLE = Automatic;
				CURRENT_PROJECT_VERSION = 1;
				DEVELOPMENT_ASSET_PATHS = "\"CapstoneMessenger/Preview Content\"";
				DEVELOPMENT_TEAM = 4W43G3ZU5T;
				ENABLE_PREVIEWS = YES;
				GENERATE_INFOPLIST_FILE = YES;
				INFOPLIST_KEY_UIApplicationSceneManifest_Generation = YES;
				INFOPLIST_KEY_UIApplicationSupportsIndirectInputEvents = YES;
				INFOPLIST_KEY_UILaunchScreen_Generation = YES;
				INFOPLIST_KEY_UISupportedInterfaceOrientations_iPad = "UIInterfaceOrientationPortrait UIInterfaceOrientationPortraitUpsideDown UIInterfaceOrientationLandscapeLeft UIInterfaceOrientationLandscapeRight";
				INFOPLIST_KEY_UISupportedInterfaceOrientations_iPhone = "UIInterfaceOrientationPortrait UIInterfaceOrientationLandscapeLeft UIInterfaceOrientationLandscapeRight";
				LD_RUNPATH_SEARCH_PATHS = (
					"$(inherited)",
					"@executable_path/Frameworks",
				);
				MARKETING_VERSION = 1.0;
				PRODUCT_BUNDLE_IDENTIFIER = com.kylemcinnis.CapstoneMessenger;
				PRODUCT_NAME = "$(TARGET_NAME)";
				SWIFT_EMIT_LOC_STRINGS = YES;
				SWIFT_VERSION = 5.0;
				TARGETED_DEVICE_FAMILY = "1,2";
			};
			name = Release;
		};
/* End XCBuildConfiguration section */

/* Begin XCConfigurationList section */
		CDDA2F12279939DA0070092E /* Build configuration list for PBXProject "CapstoneMessenger" */ = {
			isa = XCConfigurationList;
			buildConfigurations = (
				CDDA2F23279939DA0070092E /* Debug */,
				CDDA2F24279939DA0070092E /* Release */,
			);
			defaultConfigurationIsVisible = 0;
			defaultConfigurationName = Release;
		};
		CDDA2F25279939DA0070092E /* Build configuration list for PBXNativeTarget "CapstoneMessenger" */ = {
			isa = XCConfigurationList;
			buildConfigurations = (
				CDDA2F26279939DA0070092E /* Debug */,
				CDDA2F27279939DA0070092E /* Release */,
			);
			defaultConfigurationIsVisible = 0;
			defaultConfigurationName = Release;
		};
/* End XCConfigurationList section */

/* Begin XCRemoteSwiftPackageReference section */
		CD474ABD27BBF61800C7C5D1 /* XCRemoteSwiftPackageReference "SDWebImageSwiftUI" */ = {
			isa = XCRemoteSwiftPackageReference;
			repositoryURL = "https://github.com/SDWebImage/SDWebImageSwiftUI.git";
			requirement = {
				branch = master;
				kind = branch;
			};
		};
		CDFC362727ABDD8F003CD28E /* XCRemoteSwiftPackageReference "firebase-ios-sdk" */ = {
			isa = XCRemoteSwiftPackageReference;
			repositoryURL = "https://github.com/firebase/firebase-ios-sdk.git";
			requirement = {
				kind = upToNextMajorVersion;
				minimumVersion = 8.0.0;
			};
		};
/* End XCRemoteSwiftPackageReference section */

/* Begin XCSwiftPackageProductDependency section */
		CD474ABE27BBF61800C7C5D1 /* SDWebImageSwiftUI */ = {
			isa = XCSwiftPackageProductDependency;
			package = CD474ABD27BBF61800C7C5D1 /* XCRemoteSwiftPackageReference "SDWebImageSwiftUI" */;
			productName = SDWebImageSwiftUI;
		};
		CDFC362827ABDD8F003CD28E /* FirebaseAuth */ = {
			isa = XCSwiftPackageProductDependency;
			package = CDFC362727ABDD8F003CD28E /* XCRemoteSwiftPackageReference "firebase-ios-sdk" */;
			productName = FirebaseAuth;
		};
		CDFC362A27ABDD8F003CD28E /* FirebaseFirestore */ = {
			isa = XCSwiftPackageProductDependency;
			package = CDFC362727ABDD8F003CD28E /* XCRemoteSwiftPackageReference "firebase-ios-sdk" */;
			productName = FirebaseFirestore;
		};
		CDFC362C27ABDD8F003CD28E /* FirebaseStorage */ = {
			isa = XCSwiftPackageProductDependency;
			package = CDFC362727ABDD8F003CD28E /* XCRemoteSwiftPackageReference "firebase-ios-sdk" */;
			productName = FirebaseStorage;
		};
/* End XCSwiftPackageProductDependency section */
	};
	rootObject = CDDA2F0F279939DA0070092E /* Project object */;
}
